hash: c5d56e97603bf7cee9239120d683ecffcfce99802928e7a552f330834e7719b2
updated: 2018-09-14T16:51:37.728339+08:00
imports:
- name: github.com/gin-gonic/gin
  version: d459835d2b077e44f7c9b453505ee29881d5d12d
- name: github.com/lib/pq
  version: 4ded0e9383f75c197b3a2aaa6d590ac52df6fd79
testImports: []
